
Microsoft Visual Studio Solution File, Format Version 12.00
# Visual Studio 15
VisualStudioVersion = 15.0.28010.2036
MinimumVisualStudioVersion = 10.0.40219.1
Project("{FAE04EC0-301F-11D3-BF4B-00C04F79EFBC}") = "Etisst", "Etisst\Etisst.csproj", "{4588D98D-CA2C-46ED-8783-7DD8BCDFF91A}"
EndProject
Project("{FAE04EC0-301F-11D3-BF4B-00C04F79EFBC}") = "Etisst.Desktop.Common", "Etisst.Desktop.Common\Etisst.Desktop.Common.csproj", "{9303D91C-BF12-4F76-9C44-A5BF507AE001}"
EndProject
Project("{FAE04EC0-301F-11D3-BF4B-00C04F79EFBC}") = "Etisst.Desktop.BusinessLogic.UIConnector", "Etisst.Desktop.BusinessLogic.UIConnector\Etisst.Desktop.BusinessLogic.UIConnector.csproj", "{BDED2EBC-0627-43A3-BA87-BEB6C99177A6}"
EndProject
Project("{FAE04EC0-301F-11D3-BF4B-00C04F79EFBC}") = "Etisst.Desktop.BussinessLogic.Core", "Etisst.Desktop.BussinessLogic.Core\Etisst.Desktop.BussinessLogic.Core.csproj", "{0283F867-E076-4F00-8F00-61810922178B}"
EndProject
Project("{FAE04EC0-301F-11D3-BF4B-00C04F79EFBC}") = "Etisst.Desktop.DataAccess", "Etisst.Desktop.DataAccess\Etisst.Desktop.DataAccess.csproj", "{58EBE359-A2C1-4CB8-93BA-145AE4AFEB58}"
EndProject
Global
	GlobalSection(SolutionConfigurationPlatforms) = preSolution
		Debug|Any CPU = Debug|Any CPU
		Release|Any CPU = Release|Any CPU
	EndGlobalSection
	GlobalSection(ProjectConfigurationPlatforms) = postSolution
		{4588D98D-CA2C-46ED-8783-7DD8BCDFF91A}.Debug|Any CPU.ActiveCfg = Debug|Any CPU
		{4588D98D-CA2C-46ED-8783-7DD8BCDFF91A}.Debug|Any CPU.Build.0 = Debug|Any CPU
		{4588D98D-CA2C-46ED-8783-7DD8BCDFF91A}.Release|Any CPU.ActiveCfg = Release|Any CPU
		{4588D98D-CA2C-46ED-8783-7DD8BCDFF91A}.Release|Any CPU.Build.0 = Release|Any CPU
		{9303D91C-BF12-4F76-9C44-A5BF507AE001}.Debug|Any CPU.ActiveCfg = Debug|Any CPU
		{9303D91C-BF12-4F76-9C44-A5BF507AE001}.Debug|Any CPU.Build.0 = Debug|Any CPU
		{9303D91C-BF12-4F76-9C44-A5BF507AE001}.Release|Any CPU.ActiveCfg = Release|Any CPU
		{9303D91C-BF12-4F76-9C44-A5BF507AE001}.Release|Any CPU.Build.0 = Release|Any CPU
		{BDED2EBC-0627-43A3-BA87-BEB6C99177A6}.Debug|Any CPU.ActiveCfg = Debug|Any CPU
		{BDED2EBC-0627-43A3-BA87-BEB6C99177A6}.Debug|Any CPU.Build.0 = Debug|Any CPU
		{BDED2EBC-0627-43A3-BA87-BEB6C99177A6}.Release|Any CPU.ActiveCfg = Release|Any CPU
		{BDED2EBC-0627-43A3-BA87-BEB6C99177A6}.Release|Any CPU.Build.0 = Release|Any CPU
		{0283F867-E076-4F00-8F00-61810922178B}.Debug|Any CPU.ActiveCfg = Debug|Any CPU
		{0283F867-E076-4F00-8F00-61810922178B}.Debug|Any CPU.Build.0 = Debug|Any CPU
		{0283F867-E076-4F00-8F00-61810922178B}.Release|Any CPU.ActiveCfg = Release|Any CPU
		{0283F867-E076-4F00-8F00-61810922178B}.Release|Any CPU.Build.0 = Release|Any CPU
		{58EBE359-A2C1-4CB8-93BA-145AE4AFEB58}.Debug|Any CPU.ActiveCfg = Debug|Any CPU
		{58EBE359-A2C1-4CB8-93BA-145AE4AFEB58}.Debug|Any CPU.Build.0 = Debug|Any CPU
		{58EBE359-A2C1-4CB8-93BA-145AE4AFEB58}.Release|Any CPU.ActiveCfg = Release|Any CPU
		{58EBE359-A2C1-4CB8-93BA-145AE4AFEB58}.Release|Any CPU.Build.0 = Release|Any CPU
	EndGlobalSection
	GlobalSection(SolutionProperties) = preSolution
		HideSolutionNode = FALSE
	EndGlobalSection
	GlobalSection(ExtensibilityGlobals) = postSolution
		SolutionGuid = {76BDAA43-807D-40DF-ADB9-CA5146B746DF}
	EndGlobalSection
EndGlobal
